<?xml version="1.0" encoding="utf-8"?>
<Project ToolsVersion="4.0" xmlns="http://schemas.microsoft.com/developer/msbuild/2003">
  <ItemGroup>
    <Filter Include="소스 파일">
      <UniqueIdentifier>{4FC737F1-C7A5-4376-A066-2A32D752A2FF}</UniqueIdentifier>
      <Extensions>cpp;c;cc;cxx;c++;cppm;ixx;def;odl;idl;hpj;bat;asm;asmx</Extensions>
    </Filter>
    <Filter Include="헤더 파일">
      <UniqueIdentifier>{93995380-89BD-4b04-88EB-625FBE52EBFB}</UniqueIdentifier>
      <Extensions>h;hh;hpp;hxx;h++;hm;inl;inc;ipp;xsd</Extensions>
    </Filter>
    <Filter Include="리소스 파일">
      <UniqueIdentifier>{67DA6AB6-F800-4c08-8B7A-83BB121AAD01}</UniqueIdentifier>
      <Extensions>rc;ico;cur;bmp;dlg;rc2;rct;bin;rgs;gif;jpg;jpeg;jpe;resx;tiff;tif;png;wav;mfcribbon-ms</Extensions>
    </Filter>
    <Filter Include="item9">
      <UniqueIdentifier>{243c2612-d865-4c4b-9e7d-780651b364ee}</UniqueIdentifier>
    </Filter>
    <Filter Include="item7">
      <UniqueIdentifier>{3c7b7b5a-99ed-4325-b935-7ea46ca497aa}</UniqueIdentifier>
    </Filter>
    <Filter Include="item13">
      <UniqueIdentifier>{55eed458-e28b-4b7b-bb35-0f7cf6738fa1}</UniqueIdentifier>
    </Filter>
    <Filter Include="item15">
      <UniqueIdentifier>{edbf1016-edff-48a0-a5b8-db8e23e34afa}</UniqueIdentifier>
    </Filter>
    <Filter Include="item18">
      <UniqueIdentifier>{93cce5d3-8e15-486f-af8b-ee6f3fd8761e}</UniqueIdentifier>
    </Filter>
    <Filter Include="item23">
      <UniqueIdentifier>{110ca76a-e967-414b-8535-0bb5867f5c2f}</UniqueIdentifier>
    </Filter>
  </ItemGroup>
  <ItemGroup>
    <ClInclude Include="pch.h">
      <Filter>헤더 파일</Filter>
    </ClInclude>
    <ClInclude Include="item7\AtomicClock.h">
      <Filter>item7</Filter>
    </ClInclude>
    <ClInclude Include="item7\TimeKeeper.h">
      <Filter>item7</Filter>
    </ClInclude>
    <ClInclude Include="item9\BuyTransaction.h">
      <Filter>item9</Filter>
    </ClInclude>
    <ClInclude Include="item9\Transaction.h">
      <Filter>item9</Filter>
    </ClInclude>
    <ClInclude Include="item18\Investment.h">
      <Filter>item18</Filter>
    </ClInclude>
    <ClInclude Include="item18\Stock.h">
      <Filter>item18</Filter>
    </ClInclude>
    <ClInclude Include="item15\Investment.h">
      <Filter>item15</Filter>
    </ClInclude>
    <ClInclude Include="item15\Stock.h">
      <Filter>item15</Filter>
    </ClInclude>
    <ClInclude Include="item13\Investment.h">
      <Filter>item13</Filter>
    </ClInclude>
    <ClInclude Include="item13\Stock.h">
      <Filter>item13</Filter>
    </ClInclude>
    <ClInclude Include="item23\WebBrowser.h">
      <Filter>item23</Filter>
    </ClInclude>
    <ClInclude Include="item23\WebBrowserBookMarks.h">
      <Filter>item23</Filter>
    </ClInclude>
    <ClInclude Include="item23\WebBrowserCookies.h">
      <Filter>item23</Filter>
    </ClInclude>
  </ItemGroup>
  <ItemGroup>
    <ClCompile Include="item7\AtomicClock.cpp">
      <Filter>item7</Filter>
    </ClCompile>
    <ClCompile Include="item7\TimeKeeper.cpp">
      <Filter>item7</Filter>
    </ClCompile>
    <ClCompile Include="item9\BuyTransaction.cpp">
      <Filter>item9</Filter>
    </ClCompile>
    <ClCompile Include="item9\Transaction.cpp">
      <Filter>item9</Filter>
    </ClCompile>
    <ClCompile Include="main.cpp">
      <Filter>소스 파일</Filter>
    </ClCompile>
    <ClCompile Include="item18\Investment.cpp">
      <Filter>item18</Filter>
    </ClCompile>
    <ClCompile Include="item18\Stock.cpp">
      <Filter>item18</Filter>
    </ClCompile>
    <ClCompile Include="item15\Investment.cpp">
      <Filter>item15</Filter>
    </ClCompile>
    <ClCompile Include="item15\Stock.cpp">
      <Filter>item15</Filter>
    </ClCompile>
    <ClCompile Include="item13\Investment.cpp">
      <Filter>item13</Filter>
    </ClCompile>
    <ClCompile Include="item13\Stock.cpp">
      <Filter>item13</Filter>
    </ClCompile>
    <ClCompile Include="item23\WebBrowser.cpp">
      <Filter>item23</Filter>
    </ClCompile>
  </ItemGroup>
</Project>